# This file is automatically @generated by Cargo.
# It is not intended for manual editing.
version = 4

[[package]]
name = "arrayvec"
version = "0.7.6"
source = "registry+https://github.com/rust-lang/crates.io-index"
checksum = "7c02d123df017efcdfbd739ef81735b36c5ba83ec3c59c80a9d7ecc718f92e50"

[[package]]
name = "go_game_board"
version = "0.1.0"
dependencies = [
 "arrayvec",
 "go_game_types",
 "lazy_static",
 "perf-event",
]

[[package]]
name = "go_game_types"
version = "1.0.0"

[[package]]
name = "lazy_static"
version = "1.5.0"
source = "registry+https://github.com/rust-lang/crates.io-index"
checksum = "bbd2bcb4c963f2ddae06a2efc7e9f3591312473c50c6685e1f298068316e66fe"

[[package]]
name = "libc"
version = "0.2.175"
source = "registry+https://github.com/rust-lang/crates.io-index"
checksum = "6a82ae493e598baaea5209805c49bbf2ea7de956d50d7da0da1164f9c6d28543"

[[package]]
name = "perf-event"
version = "0.4.8"
source = "registry+https://github.com/rust-lang/crates.io-index"
checksum = "b4d6393d9238342159080d79b78cb59c67399a8e7ecfa5d410bd614169e4e823"
dependencies = [
 "libc",
 "perf-event-open-sys",
]

[[package]]
name = "perf-event-open-sys"
version = "4.0.0"
source = "registry+https://github.com/rust-lang/crates.io-index"
checksum = "7c44fb1c7651a45a3652c4afc6e754e40b3d6e6556f1487e2b230bfc4f33c2a8"
dependencies = [
 "libc",
]
